{
  "name": "warframe-BOTB",
  "lockfileVersion": 3,
  "requires": true,
  "packages": {
    "": {
      "dependencies": {
        "dotenv": "^16.4.7",
        "warframe-worldstate-data": "^2.21.0"
      }
    },
    "node_modules/dotenv": {
      "version": "16.4.7",
      "resolved": "https://registry.npmjs.org/dotenv/-/dotenv-16.4.7.tgz",
      "integrity": "sha512-47qPchRCykZC03FhkYAhrvwU4xDBFIj1QPqaarj6mdM/hgUzfPHcpkHJOn3mJAufFeeAxAzeGsr5X0M4k6fLZQ==",
      "license": "BSD-2-Clause",
      "engines": {
        "node": ">=12"
      },
      "funding": {
        "url": "https://dotenvx.com"
      }
    },
    "node_modules/warframe-worldstate-data": {
      "version": "2.21.0",
      "resolved": "https://registry.npmjs.org/warframe-worldstate-data/-/warframe-worldstate-data-2.21.0.tgz",
      "integrity": "sha512-9yO2SJQcQN8JJ0AxL3oKqSWIXwwN8Gcy3fc6CN2HuojGE6qW+G+XS4NRSaYSLW6hNMM4gLZmi2KYKS2vc6h3Dw==",
      "license": "MIT",
      "engines": {
        "node": ">=18.19.0"
      }
    }
  }
}
